# THIS IS AN AUTOGENERATED FILE. DO NOT EDIT THIS FILE DIRECTLY.
# yarn lockfile v1


m3u8stream@^0.8.3:
  version "0.8.3"
  resolved "https://registry.yarnpkg.com/m3u8stream/-/m3u8stream-0.8.3.tgz#c4624e92b4240eb356d040c4a5e155586cf58108"
  integrity sha512-0nAcdrF8YJKUkb6PzWdvGftTPyCVWgoiot1AkNVbPKTeIGsWs6DrOjifrJ0Zi8WQfQmD2SuVCjkYIOip12igng==
  dependencies:
    miniget "^4.0.0"
    sax "^1.2.4"

miniget@^4.0.0:
  version "4.2.0"
  resolved "https://registry.yarnpkg.com/miniget/-/miniget-4.2.0.tgz#0004e95536b192d95a7d09f4435d67b9285481d0"
  integrity sha512-IzTOaNgBw/qEpzkPTE7X2cUVXQfSKbG8w52Emi93zb+Zya2ZFrbmavpixzebuDJD9Ku4ecbaFlC7Y1cEESzQtQ==

sax@^1.1.3, sax@^1.2.4:
  version "1.2.4"
  resolved "https://registry.yarnpkg.com/sax/-/sax-1.2.4.tgz#2816234e2378bddc4e5354fab5caa895df7100d9"
  integrity sha512-NqVDv9TpANUjFm0N8uM5GxL36UgKi9/atZw+x7YFnQ8ckwFGKrl4xX4yWtrey3UJm5nP1kUbnYgLopqWNSRhWw==

ytdl-core@^4.5.0:
  version "4.5.0"
  resolved "https://registry.yarnpkg.com/ytdl-core/-/ytdl-core-4.5.0.tgz#f07733387c548e5c3a5614c93ef55bde666eeaf4"
  integrity sha512-e8r6skrakWNixsVlNPBMoRM1HrdW1swE97If9nenDUjF65uogYk4DvxIuqlmqRfBWKe+6aIZwqedNxUU9XLYJA==
  dependencies:
    m3u8stream "^0.8.3"
    miniget "^4.0.0"
    sax "^1.1.3"
